
Microsoft Visual Studio Solution File, Format Version 12.00
# Visual Studio 2012
Project("{8BC9CEB8-8B4A-11D0-8D11-00A0C91BC942}") = "tc2cfr", "tc2cfr.vcxproj", "{4C580E67-81FE-4382-9435-DA5CFC013F8D}"
EndProject
Global
	GlobalSection(SolutionConfigurationPlatforms) = preSolution
		Debug|Win32 = Debug|Win32
		Release|Win32 = Release|Win32
	EndGlobalSection
	GlobalSection(ProjectConfigurationPlatforms) = postSolution
		{4C580E67-81FE-4382-9435-DA5CFC013F8D}.Debug|Win32.ActiveCfg = Release|Win32
		{4C580E67-81FE-4382-9435-DA5CFC013F8D}.Debug|Win32.Build.0 = Release|Win32
		{4C580E67-81FE-4382-9435-DA5CFC013F8D}.Release|Win32.ActiveCfg = Release|Win32
		{4C580E67-81FE-4382-9435-DA5CFC013F8D}.Release|Win32.Build.0 = Release|Win32
	EndGlobalSection
	GlobalSection(SolutionProperties) = preSolution
		HideSolutionNode = FALSE
	EndGlobalSection
EndGlobal
